
Microsoft Visual Studio Solution File, Format Version 12.00
Project("{FAE04EC0-301F-11D3-BF4B-00C04F79EFBC}") = "Guided Project", "Guided Project\Guided Project.csproj", "{EE958EA0-2A46-4CA2-B90E-E7D35C2CB4A5}"
EndProject
Global
	GlobalSection(SolutionConfigurationPlatforms) = preSolution
		Debug|Any CPU = Debug|Any CPU
		Release|Any CPU = Release|Any CPU
	EndGlobalSection
	GlobalSection(ProjectConfigurationPlatforms) = postSolution
		{EE958EA0-2A46-4CA2-B90E-E7D35C2CB4A5}.Debug|Any CPU.ActiveCfg = Debug|Any CPU
		{EE958EA0-2A46-4CA2-B90E-E7D35C2CB4A5}.Debug|Any CPU.Build.0 = Debug|Any CPU
		{EE958EA0-2A46-4CA2-B90E-E7D35C2CB4A5}.Release|Any CPU.ActiveCfg = Release|Any CPU
		{EE958EA0-2A46-4CA2-B90E-E7D35C2CB4A5}.Release|Any CPU.Build.0 = Release|Any CPU
	EndGlobalSection
EndGlobal
